{
  "name": "dabbleWithCSS",
  "lockfileVersion": 3,
  "requires": true,
  "packages": {
    "": {
      "dependencies": {
        "normalize.css": "^8.0.1",
        "typicons.font": "^2.1.2"
      }
    },
    "node_modules/normalize.css": {
      "version": "8.0.1",
      "resolved": "https://registry.npmjs.org/normalize.css/-/normalize.css-8.0.1.tgz",
      "integrity": "sha512-qizSNPO93t1YUuUhP22btGOo3chcvDFqFaj2TRybP0DMxkHOCTYwp3n34fel4a31ORXy4m1Xq0Gyqpb5m33qIg=="
    },
    "node_modules/typicons.font": {
      "version": "2.1.2",
      "resolved": "https://registry.npmjs.org/typicons.font/-/typicons.font-2.1.2.tgz",
      "integrity": "sha512-M3HvpFFs24PuCoV16QFKCcPXOMOCiAqcEIchgLBAdewHh2C5krP4clZ0HR4d8glWLOctz8Ak7IlZotNwmYfd5g=="
    }
  }
}
